
Microsoft Visual Studio Solution File, Format Version 12.00
# Visual Studio Version 17
VisualStudioVersion = 17.3.32901.215
MinimumVisualStudioVersion = 10.0.40219.1
Project("{FAE04EC0-301F-11D3-BF4B-00C04F79EFBC}") = "P5_1_1214066", "P5_1_1214066\P5_1_1214066.csproj", "{D5599EF6-CD82-4C2D-9783-85E1F66A6244}"
EndProject
Global
	GlobalSection(SolutionConfigurationPlatforms) = preSolution
		Debug|Any CPU = Debug|Any CPU
		Release|Any CPU = Release|Any CPU
	EndGlobalSection
	GlobalSection(ProjectConfigurationPlatforms) = postSolution
		{D5599EF6-CD82-4C2D-9783-85E1F66A6244}.Debug|Any CPU.ActiveCfg = Debug|Any CPU
		{D5599EF6-CD82-4C2D-9783-85E1F66A6244}.Debug|Any CPU.Build.0 = Debug|Any CPU
		{D5599EF6-CD82-4C2D-9783-85E1F66A6244}.Release|Any CPU.ActiveCfg = Release|Any CPU
		{D5599EF6-CD82-4C2D-9783-85E1F66A6244}.Release|Any CPU.Build.0 = Release|Any CPU
	EndGlobalSection
	GlobalSection(SolutionProperties) = preSolution
		HideSolutionNode = FALSE
	EndGlobalSection
	GlobalSection(ExtensibilityGlobals) = postSolution
		SolutionGuid = {4E640D36-2292-403F-846A-EC2BF6093AD9}
	EndGlobalSection
EndGlobal
